
Microsoft Visual Studio Solution File, Format Version 12.00
# Visual Studio Version 17
VisualStudioVersion = 17.0.31912.275
MinimumVisualStudioVersion = 10.0.40219.1
Project("{8BC9CEB8-8B4A-11D0-8D11-00A0C91BC942}") = "FootballManager", "FootballManager.vcxproj", "{BA6A4A5F-6925-4D32-AB55-286345ED4FF5}"
EndProject
Global
	GlobalSection(SolutionConfigurationPlatforms) = preSolution
		Debug|x64 = Debug|x64
		Debug|x86 = Debug|x86
		Release|x64 = Release|x64
		Release|x86 = Release|x86
	EndGlobalSection
	GlobalSection(ProjectConfigurationPlatforms) = postSolution
		{BA6A4A5F-6925-4D32-AB55-286345ED4FF5}.Debug|x64.ActiveCfg = Debug|x64
		{BA6A4A5F-6925-4D32-AB55-286345ED4FF5}.Debug|x64.Build.0 = Debug|x64
		{BA6A4A5F-6925-4D32-AB55-286345ED4FF5}.Debug|x86.ActiveCfg = Debug|Win32
		{BA6A4A5F-6925-4D32-AB55-286345ED4FF5}.Debug|x86.Build.0 = Debug|Win32
		{BA6A4A5F-6925-4D32-AB55-286345ED4FF5}.Release|x64.ActiveCfg = Release|x64
		{BA6A4A5F-6925-4D32-AB55-286345ED4FF5}.Release|x64.Build.0 = Release|x64
		{BA6A4A5F-6925-4D32-AB55-286345ED4FF5}.Release|x86.ActiveCfg = Release|Win32
		{BA6A4A5F-6925-4D32-AB55-286345ED4FF5}.Release|x86.Build.0 = Release|Win32
	EndGlobalSection
	GlobalSection(SolutionProperties) = preSolution
		HideSolutionNode = FALSE
	EndGlobalSection
	GlobalSection(ExtensibilityGlobals) = postSolution
		SolutionGuid = {B4B17B10-91C9-4741-9AEF-082FD09C24BA}
	EndGlobalSection
EndGlobal
